
Microsoft Visual Studio Solution File, Format Version 12.00
# Visual Studio Version 16
VisualStudioVersion = 16.0.30517.126
MinimumVisualStudioVersion = 10.0.40219.1
Project("{FAE04EC0-301F-11D3-BF4B-00C04F79EFBC}") = "Son_Hali", "Son_Hali\Son_Hali.csproj", "{12AD4D7F-1FC8-47BB-8A50-565503BE6CE8}"
EndProject
Global
	GlobalSection(SolutionConfigurationPlatforms) = preSolution
		Debug|Any CPU = Debug|Any CPU
		Release|Any CPU = Release|Any CPU
	EndGlobalSection
	GlobalSection(ProjectConfigurationPlatforms) = postSolution
		{12AD4D7F-1FC8-47BB-8A50-565503BE6CE8}.Debug|Any CPU.ActiveCfg = Debug|Any CPU
		{12AD4D7F-1FC8-47BB-8A50-565503BE6CE8}.Debug|Any CPU.Build.0 = Debug|Any CPU
		{12AD4D7F-1FC8-47BB-8A50-565503BE6CE8}.Release|Any CPU.ActiveCfg = Release|Any CPU
		{12AD4D7F-1FC8-47BB-8A50-565503BE6CE8}.Release|Any CPU.Build.0 = Release|Any CPU
	EndGlobalSection
	GlobalSection(SolutionProperties) = preSolution
		HideSolutionNode = FALSE
	EndGlobalSection
	GlobalSection(ExtensibilityGlobals) = postSolution
		SolutionGuid = {C8C97EA4-272B-4051-A2D9-44D28544FD99}
	EndGlobalSection
EndGlobal
